
Microsoft Visual Studio Solution File, Format Version 12.00
# Visual Studio Version 17
VisualStudioVersion = 17.4.33213.308
MinimumVisualStudioVersion = 10.0.40219.1
Project("{FAE04EC0-301F-11D3-BF4B-00C04F79EFBC}") = "Calculator", "Calculator\Calculator.csproj", "{541BCEA3-45CB-460E-9317-482DB71C378E}"
EndProject
Project("{FAE04EC0-301F-11D3-BF4B-00C04F79EFBC}") = "CalculatorTests", "CalculatorTests\CalculatorTests.csproj", "{64EB3332-A3B2-4C02-B29E-61ACAADCE9D7}"
EndProject
Global
	GlobalSection(SolutionConfigurationPlatforms) = preSolution
		Debug|Any CPU = Debug|Any CPU
		Release|Any CPU = Release|Any CPU
	EndGlobalSection
	GlobalSection(ProjectConfigurationPlatforms) = postSolution
		{541BCEA3-45CB-460E-9317-482DB71C378E}.Debug|Any CPU.ActiveCfg = Debug|Any CPU
		{541BCEA3-45CB-460E-9317-482DB71C378E}.Debug|Any CPU.Build.0 = Debug|Any CPU
		{541BCEA3-45CB-460E-9317-482DB71C378E}.Release|Any CPU.ActiveCfg = Release|Any CPU
		{541BCEA3-45CB-460E-9317-482DB71C378E}.Release|Any CPU.Build.0 = Release|Any CPU
		{64EB3332-A3B2-4C02-B29E-61ACAADCE9D7}.Debug|Any CPU.ActiveCfg = Debug|Any CPU
		{64EB3332-A3B2-4C02-B29E-61ACAADCE9D7}.Debug|Any CPU.Build.0 = Debug|Any CPU
		{64EB3332-A3B2-4C02-B29E-61ACAADCE9D7}.Release|Any CPU.ActiveCfg = Release|Any CPU
		{64EB3332-A3B2-4C02-B29E-61ACAADCE9D7}.Release|Any CPU.Build.0 = Release|Any CPU
	EndGlobalSection
	GlobalSection(SolutionProperties) = preSolution
		HideSolutionNode = FALSE
	EndGlobalSection
	GlobalSection(ExtensibilityGlobals) = postSolution
		SolutionGuid = {D07FE91D-C3AF-4D90-A643-0A15CA85CC67}
	EndGlobalSection
EndGlobal
